
Microsoft Visual Studio Solution File, Format Version 12.00
# Visual Studio Version 16
VisualStudioVersion = 16.0.30406.217
MinimumVisualStudioVersion = 10.0.40219.1
Project("{FAE04EC0-301F-11D3-BF4B-00C04F79EFBC}") = "Empty_ASP_NET_MVC_Project", "Empty_ASP_NET_MVC_Project\Empty_ASP_NET_MVC_Project.csproj", "{92D3973D-820C-415F-9A54-9B16CA4321B0}"
EndProject
Global
	GlobalSection(SolutionConfigurationPlatforms) = preSolution
		Debug|Any CPU = Debug|Any CPU
		Release|Any CPU = Release|Any CPU
	EndGlobalSection
	GlobalSection(ProjectConfigurationPlatforms) = postSolution
		{92D3973D-820C-415F-9A54-9B16CA4321B0}.Debug|Any CPU.ActiveCfg = Debug|Any CPU
		{92D3973D-820C-415F-9A54-9B16CA4321B0}.Debug|Any CPU.Build.0 = Debug|Any CPU
		{92D3973D-820C-415F-9A54-9B16CA4321B0}.Release|Any CPU.ActiveCfg = Release|Any CPU
		{92D3973D-820C-415F-9A54-9B16CA4321B0}.Release|Any CPU.Build.0 = Release|Any CPU
	EndGlobalSection
	GlobalSection(SolutionProperties) = preSolution
		HideSolutionNode = FALSE
	EndGlobalSection
	GlobalSection(ExtensibilityGlobals) = postSolution
		SolutionGuid = {C537C034-A2C8-4FBC-8A6A-DFDD2191E22B}
	EndGlobalSection
EndGlobal
